// !$*UTF8*$!
{
	archiveVersion = 1;
	classes = {
	};
	objectVersion = 56;
	objects = {

/* Begin PBXBuildFile section */
		D50DABAC2B65127C00E140B9 /* WorkingArea.swift in Sources */ = {isa = PBXBuildFile; fileRef = D50DABAB2B65127C00E140B9 /* WorkingArea.swift */; };
		D50DABAF2B651A0900E140B9 /* FileRegisterItem.swift in Sources */ = {isa = PBXBuildFile; fileRef = D50DABAE2B651A0900E140B9 /* FileRegisterItem.swift */; };
		D50DABB22B659ED900E140B9 /* CodeAnalyzerView.swift in Sources */ = {isa = PBXBuildFile; fileRef = D50DABB12B659ED900E140B9 /* CodeAnalyzerView.swift */; };
		D50DABB82B65A5F700E140B9 /* SnippetType.swift in Sources */ = {isa = PBXBuildFile; fileRef = D50DABB72B65A5F700E140B9 /* SnippetType.swift */; };
		D50DABBA2B65A9E200E140B9 /* CodeAnalyzerViewModel.swift in Sources */ = {isa = PBXBuildFile; fileRef = D50DABB92B65A9E200E140B9 /* CodeAnalyzerViewModel.swift */; };
		D50DABBD2B65AAA700E140B9 /* CodeSnippet.swift in Sources */ = {isa = PBXBuildFile; fileRef = D50DABBC2B65AAA700E140B9 /* CodeSnippet.swift */; };
		D50DABBF2B65B06100E140B9 /* SettingsViewModel.swift in Sources */ = {isa = PBXBuildFile; fileRef = D50DABBE2B65B06100E140B9 /* SettingsViewModel.swift */; };
		D555B9F42B681FA7009314A8 /* CodeItem.swift in Sources */ = {isa = PBXBuildFile; fileRef = D555B9F32B681FA7009314A8 /* CodeItem.swift */; };
		D555B9FB2B68A8E4009314A8 /* Extensions.swift in Sources */ = {isa = PBXBuildFile; fileRef = D555B9FA2B68A8E4009314A8 /* Extensions.swift */; };
		D56798CA2B6175DC00955842 /* Header.swift in Sources */ = {isa = PBXBuildFile; fileRef = D56798C92B6175DC00955842 /* Header.swift */; };
		D56798CD2B617AFA00955842 /* IconButton.swift in Sources */ = {isa = PBXBuildFile; fileRef = D56798CC2B617AFA00955842 /* IconButton.swift */; };
		D56798CF2B617EA900955842 /* MainScreenView.swift in Sources */ = {isa = PBXBuildFile; fileRef = D56798CE2B617EA900955842 /* MainScreenView.swift */; };
		D56798D12B617F3700955842 /* MainScreenViewModel.swift in Sources */ = {isa = PBXBuildFile; fileRef = D56798D02B617F3700955842 /* MainScreenViewModel.swift */; };
		D56798D42B61875C00955842 /* SettingsView.swift in Sources */ = {isa = PBXBuildFile; fileRef = D56798D32B61875C00955842 /* SettingsView.swift */; };
		D56798DC2B61BA7800955842 /* FileExplorer.swift in Sources */ = {isa = PBXBuildFile; fileRef = D56798DB2B61BA7800955842 /* FileExplorer.swift */; };
		D56798DF2B61C1A400955842 /* FolderItem.swift in Sources */ = {isa = PBXBuildFile; fileRef = D56798DE2B61C1A400955842 /* FolderItem.swift */; };
		D56798E12B61C1CF00955842 /* FileItem.swift in Sources */ = {isa = PBXBuildFile; fileRef = D56798E02B61C1CF00955842 /* FileItem.swift */; };
		D56798E32B61DF3600955842 /* DroppedItem.swift in Sources */ = {isa = PBXBuildFile; fileRef = D56798E22B61DF3600955842 /* DroppedItem.swift */; };
		D5EB291A2B6174CC0085653F /* SwiftCaterpieApp.swift in Sources */ = {isa = PBXBuildFile; fileRef = D5EB29192B6174CC0085653F /* SwiftCaterpieApp.swift */; };
		D5EB291C2B6174CC0085653F /* ContentView.swift in Sources */ = {isa = PBXBuildFile; fileRef = D5EB291B2B6174CC0085653F /* ContentView.swift */; };
		D5EB291E2B6174CD0085653F /* Assets.xcassets in Resources */ = {isa = PBXBuildFile; fileRef = D5EB291D2B6174CD0085653F /* Assets.xcassets */; };
		D5EB29212B6174CD0085653F /* Preview Assets.xcassets in Resources */ = {isa = PBXBuildFile; fileRef = D5EB29202B6174CD0085653F /* Preview Assets.xcassets */; };
/* End PBXBuildFile section */

/* Begin PBXFileReference section */
		D50DABAB2B65127C00E140B9 /* WorkingArea.swift */ = {isa = PBXFileReference; lastKnownFileType = sourcecode.swift; path = WorkingArea.swift; sourceTree = "<group>"; };
		D50DABAE2B651A0900E140B9 /* FileRegisterItem.swift */ = {isa = PBXFileReference; lastKnownFileType = sourcecode.swift; path = FileRegisterItem.swift; sourceTree = "<group>"; };
		D50DABB12B659ED900E140B9 /* CodeAnalyzerView.swift */ = {isa = PBXFileReference; lastKnownFileType = sourcecode.swift; path = CodeAnalyzerView.swift; sourceTree = "<group>"; };
		D50DABB72B65A5F700E140B9 /* SnippetType.swift */ = {isa = PBXFileReference; lastKnownFileType = sourcecode.swift; path = SnippetType.swift; sourceTree = "<group>"; };
		D50DABB92B65A9E200E140B9 /* CodeAnalyzerViewModel.swift */ = {isa = PBXFileReference; lastKnownFileType = sourcecode.swift; path = CodeAnalyzerViewModel.swift; sourceTree = "<group>"; };
		D50DABBC2B65AAA700E140B9 /* CodeSnippet.swift */ = {isa = PBXFileReference; lastKnownFileType = sourcecode.swift; path = CodeSnippet.swift; sourceTree = "<group>"; };
		D50DABBE2B65B06100E140B9 /* SettingsViewModel.swift */ = {isa = PBXFileReference; lastKnownFileType = sourcecode.swift; path = SettingsViewModel.swift; sourceTree = "<group>"; };
		D555B9F32B681FA7009314A8 /* CodeItem.swift */ = {isa = PBXFileReference; lastKnownFileType = sourcecode.swift; path = CodeItem.swift; sourceTree = "<group>"; };
		D555B9FA2B68A8E4009314A8 /* Extensions.swift */ = {isa = PBXFileReference; lastKnownFileType = sourcecode.swift; path = Extensions.swift; sourceTree = "<group>"; };
		D56798C92B6175DC00955842 /* Header.swift */ = {isa = PBXFileReference; lastKnownFileType = sourcecode.swift; path = Header.swift; sourceTree = "<group>"; };
		D56798CC2B617AFA00955842 /* IconButton.swift */ = {isa = PBXFileReference; lastKnownFileType = sourcecode.swift; path = IconButton.swift; sourceTree = "<group>"; };
		D56798CE2B617EA900955842 /* MainScreenView.swift */ = {isa = PBXFileReference; lastKnownFileType = sourcecode.swift; path = MainScreenView.swift; sourceTree = "<group>"; };
		D56798D02B617F3700955842 /* MainScreenViewModel.swift */ = {isa = PBXFileReference; lastKnownFileType = sourcecode.swift; path = MainScreenViewModel.swift; sourceTree = "<group>"; };
		D56798D32B61875C00955842 /* SettingsView.swift */ = {isa = PBXFileReference; lastKnownFileType = sourcecode.swift; path = SettingsView.swift; sourceTree = "<group>"; };
		D56798DB2B61BA7800955842 /* FileExplorer.swift */ = {isa = PBXFileReference; lastKnownFileType = sourcecode.swift; path = FileExplorer.swift; sourceTree = "<group>"; };
		D56798DE2B61C1A400955842 /* FolderItem.swift */ = {isa = PBXFileReference; lastKnownFileType = sourcecode.swift; path = FolderItem.swift; sourceTree = "<group>"; };
		D56798E02B61C1CF00955842 /* FileItem.swift */ = {isa = PBXFileReference; lastKnownFileType = sourcecode.swift; path = FileItem.swift; sourceTree = "<group>"; };
		D56798E22B61DF3600955842 /* DroppedItem.swift */ = {isa = PBXFileReference; lastKnownFileType = sourcecode.swift; path = DroppedItem.swift; sourceTree = "<group>"; };
		D5EB29162B6174CC0085653F /* SwiftCaterpie.app */ = {isa = PBXFileReference; explicitFileType = wrapper.application; includeInIndex = 0; path = SwiftCaterpie.app; sourceTree = BUILT_PRODUCTS_DIR; };
		D5EB29192B6174CC0085653F /* SwiftCaterpieApp.swift */ = {isa = PBXFileReference; lastKnownFileType = sourcecode.swift; path = SwiftCaterpieApp.swift; sourceTree = "<group>"; };
		D5EB291B2B6174CC0085653F /* ContentView.swift */ = {isa = PBXFileReference; lastKnownFileType = sourcecode.swift; path = ContentView.swift; sourceTree = "<group>"; };
		D5EB291D2B6174CD0085653F /* Assets.xcassets */ = {isa = PBXFileReference; lastKnownFileType = folder.assetcatalog; path = Assets.xcassets; sourceTree = "<group>"; };
		D5EB29202B6174CD0085653F /* Preview Assets.xcassets */ = {isa = PBXFileReference; lastKnownFileType = folder.assetcatalog; path = "Preview Assets.xcassets"; sourceTree = "<group>"; };
		D5EB29222B6174CD0085653F /* SwiftCaterpie.entitlements */ = {isa = PBXFileReference; lastKnownFileType = text.plist.entitlements; path = SwiftCaterpie.entitlements; sourceTree = "<group>"; };
/* End PBXFileReference section */

/* Begin PBXFrameworksBuildPhase section */
		D5EB29132B6174CC0085653F /* Frameworks */ = {
			isa = PBXFrameworksBuildPhase;
			buildActionMask = 2147483647;
			files = (
			);
			runOnlyForDeploymentPostprocessing = 0;
		};
/* End PBXFrameworksBuildPhase section */

/* Begin PBXGroup section */
		D50DABAA2B65125A00E140B9 /* WorkingArea */ = {
			isa = PBXGroup;
			children = (
				D50DABAD2B6519A800E140B9 /* IItemViews */,
				D50DABAB2B65127C00E140B9 /* WorkingArea.swift */,
			);
			path = WorkingArea;
			sourceTree = "<group>";
		};
		D50DABAD2B6519A800E140B9 /* IItemViews */ = {
			isa = PBXGroup;
			children = (
				D50DABAE2B651A0900E140B9 /* FileRegisterItem.swift */,
			);
			path = IItemViews;
			sourceTree = "<group>";
		};
		D50DABB02B659E8000E140B9 /* CodeAnalyzer */ = {
			isa = PBXGroup;
			children = (
				D50DABBB2B65AA8600E140B9 /* Item */,
				D50DABB12B659ED900E140B9 /* CodeAnalyzerView.swift */,
				D50DABB92B65A9E200E140B9 /* CodeAnalyzerViewModel.swift */,
			);
			path = CodeAnalyzer;
			sourceTree = "<group>";
		};
		D50DABB32B65A3C800E140B9 /* Tools */ = {
			isa = PBXGroup;
			children = (
			);
			path = Tools;
			sourceTree = "<group>";
		};
		D50DABB62B65A45F00E140B9 /* Enums */ = {
			isa = PBXGroup;
			children = (
				D50DABB72B65A5F700E140B9 /* SnippetType.swift */,
			);
			path = Enums;
			sourceTree = "<group>";
		};
		D50DABBB2B65AA8600E140B9 /* Item */ = {
			isa = PBXGroup;
			children = (
				D50DABBC2B65AAA700E140B9 /* CodeSnippet.swift */,
				D555B9F32B681FA7009314A8 /* CodeItem.swift */,
			);
			path = Item;
			sourceTree = "<group>";
		};
		D555B9F92B68A8C9009314A8 /* Extensions */ = {
			isa = PBXGroup;
			children = (
				D555B9FA2B68A8E4009314A8 /* Extensions.swift */,
			);
			path = Extensions;
			sourceTree = "<group>";
		};
		D56798C62B61759200955842 /* Contents */ = {
			isa = PBXGroup;
			children = (
				D50DABB02B659E8000E140B9 /* CodeAnalyzer */,
				D50DABAA2B65125A00E140B9 /* WorkingArea */,
				D56798DA2B61BA5C00955842 /* FileExplorer */,
				D56798D22B61854400955842 /* SettingsView */,
				D56798C82B6175CA00955842 /* Header */,
				D56798C72B6175A900955842 /* MainScreen */,
			);
			path = Contents;
			sourceTree = "<group>";
		};
		D56798C72B6175A900955842 /* MainScreen */ = {
			isa = PBXGroup;
			children = (
				D56798CE2B617EA900955842 /* MainScreenView.swift */,
				D56798D02B617F3700955842 /* MainScreenViewModel.swift */,
			);
			path = MainScreen;
			sourceTree = "<group>";
		};
		D56798C82B6175CA00955842 /* Header */ = {
			isa = PBXGroup;
			children = (
				D56798C92B6175DC00955842 /* Header.swift */,
			);
			path = Header;
			sourceTree = "<group>";
		};
		D56798CB2B617ADC00955842 /* Styles */ = {
			isa = PBXGroup;
			children = (
				D56798CC2B617AFA00955842 /* IconButton.swift */,
			);
			path = Styles;
			sourceTree = "<group>";
		};
		D56798D22B61854400955842 /* SettingsView */ = {
			isa = PBXGroup;
			children = (
				D56798D32B61875C00955842 /* SettingsView.swift */,
				D50DABBE2B65B06100E140B9 /* SettingsViewModel.swift */,
			);
			path = SettingsView;
			sourceTree = "<group>";
		};
		D56798DA2B61BA5C00955842 /* FileExplorer */ = {
			isa = PBXGroup;
			children = (
				D56798DD2B61BC9500955842 /* Items */,
				D56798DB2B61BA7800955842 /* FileExplorer.swift */,
			);
			path = FileExplorer;
			sourceTree = "<group>";
		};
		D56798DD2B61BC9500955842 /* Items */ = {
			isa = PBXGroup;
			children = (
				D56798DE2B61C1A400955842 /* FolderItem.swift */,
				D56798E02B61C1CF00955842 /* FileItem.swift */,
				D56798E22B61DF3600955842 /* DroppedItem.swift */,
			);
			path = Items;
			sourceTree = "<group>";
		};
		D5EB290D2B6174CC0085653F = {
			isa = PBXGroup;
			children = (
				D5EB29182B6174CC0085653F /* SwiftCaterpie */,
				D5EB29172B6174CC0085653F /* Products */,
			);
			sourceTree = "<group>";
		};
		D5EB29172B6174CC0085653F /* Products */ = {
			isa = PBXGroup;
			children = (
				D5EB29162B6174CC0085653F /* SwiftCaterpie.app */,
			);
			name = Products;
			sourceTree = "<group>";
		};
		D5EB29182B6174CC0085653F /* SwiftCaterpie */ = {
			isa = PBXGroup;
			children = (
				D555B9F92B68A8C9009314A8 /* Extensions */,
				D50DABB62B65A45F00E140B9 /* Enums */,
				D50DABB32B65A3C800E140B9 /* Tools */,
				D56798CB2B617ADC00955842 /* Styles */,
				D56798C62B61759200955842 /* Contents */,
				D5EB29192B6174CC0085653F /* SwiftCaterpieApp.swift */,
				D5EB291B2B6174CC0085653F /* ContentView.swift */,
				D5EB291D2B6174CD0085653F /* Assets.xcassets */,
				D5EB29222B6174CD0085653F /* SwiftCaterpie.entitlements */,
				D5EB291F2B6174CD0085653F /* Preview Content */,
			);
			path = SwiftCaterpie;
			sourceTree = "<group>";
		};
		D5EB291F2B6174CD0085653F /* Preview Content */ = {
			isa = PBXGroup;
			children = (
				D5EB29202B6174CD0085653F /* Preview Assets.xcassets */,
			);
			path = "Preview Content";
			sourceTree = "<group>";
		};
/* End PBXGroup section */

/* Begin PBXNativeTarget section */
		D5EB29152B6174CC0085653F /* SwiftCaterpie */ = {
			isa = PBXNativeTarget;
			buildConfigurationList = D5EB29252B6174CD0085653F /* Build configuration list for PBXNativeTarget "SwiftCaterpie" */;
			buildPhases = (
				D5EB29122B6174CC0085653F /* Sources */,
				D5EB29132B6174CC0085653F /* Frameworks */,
				D5EB29142B6174CC0085653F /* Resources */,
			);
			buildRules = (
			);
			dependencies = (
			);
			name = SwiftCaterpie;
			productName = SwiftCaterpie;
			productReference = D5EB29162B6174CC0085653F /* SwiftCaterpie.app */;
			productType = "com.apple.product-type.application";
		};
/* End PBXNativeTarget section */

/* Begin PBXProject section */
		D5EB290E2B6174CC0085653F /* Project object */ = {
			isa = PBXProject;
			attributes = {
				BuildIndependentTargetsInParallel = 1;
				LastSwiftUpdateCheck = 1520;
				LastUpgradeCheck = 1520;
				TargetAttributes = {
					D5EB29152B6174CC0085653F = {
						CreatedOnToolsVersion = 15.2;
					};
				};
			};
			buildConfigurationList = D5EB29112B6174CC0085653F /* Build configuration list for PBXProject "SwiftCaterpie" */;
			compatibilityVersion = "Xcode 14.0";
			developmentRegion = en;
			hasScannedForEncodings = 0;
			knownRegions = (
				en,
				Base,
			);
			mainGroup = D5EB290D2B6174CC0085653F;
			productRefGroup = D5EB29172B6174CC0085653F /* Products */;
			projectDirPath = "";
			projectRoot = "";
			targets = (
				D5EB29152B6174CC0085653F /* SwiftCaterpie */,
			);
		};
/* End PBXProject section */

/* Begin PBXResourcesBuildPhase section */
		D5EB29142B6174CC0085653F /* Resources */ = {
			isa = PBXResourcesBuildPhase;
			buildActionMask = 2147483647;
			files = (
				D5EB29212B6174CD0085653F /* Preview Assets.xcassets in Resources */,
				D5EB291E2B6174CD0085653F /* Assets.xcassets in Resources */,
			);
			runOnlyForDeploymentPostprocessing = 0;
		};
/* End PBXResourcesBuildPhase section */

/* Begin PBXSourcesBuildPhase section */
		D5EB29122B6174CC0085653F /* Sources */ = {
			isa = PBXSourcesBuildPhase;
			buildActionMask = 2147483647;
			files = (
				D56798D42B61875C00955842 /* SettingsView.swift in Sources */,
				D50DABB82B65A5F700E140B9 /* SnippetType.swift in Sources */,
				D5EB291C2B6174CC0085653F /* ContentView.swift in Sources */,
				D56798CD2B617AFA00955842 /* IconButton.swift in Sources */,
				D56798DF2B61C1A400955842 /* FolderItem.swift in Sources */,
				D50DABBF2B65B06100E140B9 /* SettingsViewModel.swift in Sources */,
				D56798E12B61C1CF00955842 /* FileItem.swift in Sources */,
				D56798D12B617F3700955842 /* MainScreenViewModel.swift in Sources */,
				D56798CF2B617EA900955842 /* MainScreenView.swift in Sources */,
				D56798E32B61DF3600955842 /* DroppedItem.swift in Sources */,
				D5EB291A2B6174CC0085653F /* SwiftCaterpieApp.swift in Sources */,
				D555B9F42B681FA7009314A8 /* CodeItem.swift in Sources */,
				D50DABBA2B65A9E200E140B9 /* CodeAnalyzerViewModel.swift in Sources */,
				D555B9FB2B68A8E4009314A8 /* Extensions.swift in Sources */,
				D50DABBD2B65AAA700E140B9 /* CodeSnippet.swift in Sources */,
				D56798DC2B61BA7800955842 /* FileExplorer.swift in Sources */,
				D50DABAF2B651A0900E140B9 /* FileRegisterItem.swift in Sources */,
				D50DABB22B659ED900E140B9 /* CodeAnalyzerView.swift in Sources */,
				D50DABAC2B65127C00E140B9 /* WorkingArea.swift in Sources */,
				D56798CA2B6175DC00955842 /* Header.swift in Sources */,
			);
			runOnlyForDeploymentPostprocessing = 0;
		};
/* End PBXSourcesBuildPhase section */

/* Begin XCBuildConfiguration section */
		D5EB29232B6174CD0085653F /* Debug */ = {
			isa = XCBuildConfiguration;
			buildSettings = {
				ALWAYS_SEARCH_USER_PATHS = NO;
				ASSETCATALOG_COMPILER_GENERATE_SWIFT_ASSET_SYMBOL_EXTENSIONS = YES;
				CLANG_ANALYZER_NONNULL = YES;
				CLANG_ANALYZER_NUMBER_OBJECT_CONVERSION = YES_AGGRESSIVE;
				CLANG_CXX_LANGUAGE_STANDARD = "gnu++20";
				CLANG_ENABLE_MODULES = YES;
				CLANG_ENABLE_OBJC_ARC = YES;
				CLANG_ENABLE_OBJC_WEAK = YES;
				CLANG_WARN_BLOCK_CAPTURE_AUTORELEASING = YES;
				CLANG_WARN_BOOL_CONVERSION = YES;
				CLANG_WARN_COMMA = YES;
				CLANG_WARN_CONSTANT_CONVERSION = YES;
				CLANG_WARN_DEPRECATED_OBJC_IMPLEMENTATIONS = YES;
				CLANG_WARN_DIRECT_OBJC_ISA_USAGE = YES_ERROR;
				CLANG_WARN_DOCUMENTATION_COMMENTS = YES;
				CLANG_WARN_EMPTY_BODY = YES;
				CLANG_WARN_ENUM_CONVERSION = YES;
				CLANG_WARN_INFINITE_RECURSION = YES;
				CLANG_WARN_INT_CONVERSION = YES;
				CLANG_WARN_NON_LITERAL_NULL_CONVERSION = YES;
				CLANG_WARN_OBJC_IMPLICIT_RETAIN_SELF = YES;
				CLANG_WARN_OBJC_LITERAL_CONVERSION = YES;
				CLANG_WARN_OBJC_ROOT_CLASS = YES_ERROR;
				CLANG_WARN_QUOTED_INCLUDE_IN_FRAMEWORK_HEADER = YES;
				CLANG_WARN_RANGE_LOOP_ANALYSIS = YES;
				CLANG_WARN_STRICT_PROTOTYPES = YES;
				CLANG_WARN_SUSPICIOUS_MOVE = YES;
				CLANG_WARN_UNGUARDED_AVAILABILITY = YES_AGGRESSIVE;
				CLANG_WARN_UNREACHABLE_CODE = YES;
				CLANG_WARN__DUPLICATE_METHOD_MATCH = YES;
				COPY_PHASE_STRIP = NO;
				DEBUG_INFORMATION_FORMAT = dwarf;
				ENABLE_STRICT_OBJC_MSGSEND = YES;
				ENABLE_TESTABILITY = YES;
				ENABLE_USER_SCRIPT_SANDBOXING = YES;
				GCC_C_LANGUAGE_STANDARD = gnu17;
				GCC_DYNAMIC_NO_PIC = NO;
				GCC_NO_COMMON_BLOCKS = YES;
				GCC_OPTIMIZATION_LEVEL = 0;
				GCC_PREPROCESSOR_DEFINITIONS = (
					"DEBUG=1",
					"$(inherited)",
				);
				GCC_WARN_64_TO_32_BIT_CONVERSION = YES;
				GCC_WARN_ABOUT_RETURN_TYPE = YES_ERROR;
				GCC_WARN_UNDECLARED_SELECTOR = YES;
				GCC_WARN_UNINITIALIZED_AUTOS = YES_AGGRESSIVE;
				GCC_WARN_UNUSED_FUNCTION = YES;
				GCC_WARN_UNUSED_VARIABLE = YES;
				LOCALIZATION_PREFERS_STRING_CATALOGS = YES;
				MACOSX_DEPLOYMENT_TARGET = 14.2;
				MTL_ENABLE_DEBUG_INFO = INCLUDE_SOURCE;
				MTL_FAST_MATH = YES;
				ONLY_ACTIVE_ARCH = YES;
				SDKROOT = macosx;
				SWIFT_ACTIVE_COMPILATION_CONDITIONS = "DEBUG $(inherited)";
				SWIFT_OPTIMIZATION_LEVEL = "-Onone";
			};
			name = Debug;
		};
		D5EB29242B6174CD0085653F /* Release */ = {
			isa = XCBuildConfiguration;
			buildSettings = {
				ALWAYS_SEARCH_USER_PATHS = NO;
				ASSETCATALOG_COMPILER_GENERATE_SWIFT_ASSET_SYMBOL_EXTENSIONS = YES;
				CLANG_ANALYZER_NONNULL = YES;
				CLANG_ANALYZER_NUMBER_OBJECT_CONVERSION = YES_AGGRESSIVE;
				CLANG_CXX_LANGUAGE_STANDARD = "gnu++20";
				CLANG_ENABLE_MODULES = YES;
				CLANG_ENABLE_OBJC_ARC = YES;
				CLANG_ENABLE_OBJC_WEAK = YES;
				CLANG_WARN_BLOCK_CAPTURE_AUTORELEASING = YES;
				CLANG_WARN_BOOL_CONVERSION = YES;
				CLANG_WARN_COMMA = YES;
				CLANG_WARN_CONSTANT_CONVERSION = YES;
				CLANG_WARN_DEPRECATED_OBJC_IMPLEMENTATIONS = YES;
				CLANG_WARN_DIRECT_OBJC_ISA_USAGE = YES_ERROR;
				CLANG_WARN_DOCUMENTATION_COMMENTS = YES;
				CLANG_WARN_EMPTY_BODY = YES;
				CLANG_WARN_ENUM_CONVERSION = YES;
				CLANG_WARN_INFINITE_RECURSION = YES;
				CLANG_WARN_INT_CONVERSION = YES;
				CLANG_WARN_NON_LITERAL_NULL_CONVERSION = YES;
				CLANG_WARN_OBJC_IMPLICIT_RETAIN_SELF = YES;
				CLANG_WARN_OBJC_LITERAL_CONVERSION = YES;
				CLANG_WARN_OBJC_ROOT_CLASS = YES_ERROR;
				CLANG_WARN_QUOTED_INCLUDE_IN_FRAMEWORK_HEADER = YES;
				CLANG_WARN_RANGE_LOOP_ANALYSIS = YES;
				CLANG_WARN_STRICT_PROTOTYPES = YES;
				CLANG_WARN_SUSPICIOUS_MOVE = YES;
				CLANG_WARN_UNGUARDED_AVAILABILITY = YES_AGGRESSIVE;
				CLANG_WARN_UNREACHABLE_CODE = YES;
				CLANG_WARN__DUPLICATE_METHOD_MATCH = YES;
				COPY_PHASE_STRIP = NO;
				DEBUG_INFORMATION_FORMAT = "dwarf-with-dsym";
				ENABLE_NS_ASSERTIONS = NO;
				ENABLE_STRICT_OBJC_MSGSEND = YES;
				ENABLE_USER_SCRIPT_SANDBOXING = YES;
				GCC_C_LANGUAGE_STANDARD = gnu17;
				GCC_NO_COMMON_BLOCKS = YES;
				GCC_WARN_64_TO_32_BIT_CONVERSION = YES;
				GCC_WARN_ABOUT_RETURN_TYPE = YES_ERROR;
				GCC_WARN_UNDECLARED_SELECTOR = YES;
				GCC_WARN_UNINITIALIZED_AUTOS = YES_AGGRESSIVE;
				GCC_WARN_UNUSED_FUNCTION = YES;
				GCC_WARN_UNUSED_VARIABLE = YES;
				LOCALIZATION_PREFERS_STRING_CATALOGS = YES;
				MACOSX_DEPLOYMENT_TARGET = 14.2;
				MTL_ENABLE_DEBUG_INFO = NO;
				MTL_FAST_MATH = YES;
				SDKROOT = macosx;
				SWIFT_COMPILATION_MODE = wholemodule;
			};
			name = Release;
		};
		D5EB29262B6174CD0085653F /* Debug */ = {
			isa = XCBuildConfiguration;
			buildSettings = {
				ASSETCATALOG_COMPILER_APPICON_NAME = AppIcon;
				ASSETCATALOG_COMPILER_GLOBAL_ACCENT_COLOR_NAME = AccentColor;
				CODE_SIGN_ENTITLEMENTS = SwiftCaterpie/SwiftCaterpie.entitlements;
				CODE_SIGN_STYLE = Automatic;
				COMBINE_HIDPI_IMAGES = YES;
				CURRENT_PROJECT_VERSION = 1;
				DEVELOPMENT_ASSET_PATHS = "\"SwiftCaterpie/Preview Content\"";
				DEVELOPMENT_TEAM = XLAGW5Z727;
				ENABLE_HARDENED_RUNTIME = YES;
				ENABLE_PREVIEWS = YES;
				GENERATE_INFOPLIST_FILE = YES;
				INFOPLIST_KEY_NSHumanReadableCopyright = "";
				LD_RUNPATH_SEARCH_PATHS = (
					"$(inherited)",
					"@executable_path/../Frameworks",
				);
				MARKETING_VERSION = 1.0;
				PRODUCT_BUNDLE_IDENTIFIER = com.dannydauck.SwiftCaterpie;
				PRODUCT_NAME = "$(TARGET_NAME)";
				SUPPORTED_PLATFORMS = macosx;
				SUPPORTS_MACCATALYST = NO;
				SWIFT_EMIT_LOC_STRINGS = YES;
				SWIFT_VERSION = 5.0;
			};
			name = Debug;
		};
		D5EB29272B6174CD0085653F /* Release */ = {
			isa = XCBuildConfiguration;
			buildSettings = {
				ASSETCATALOG_COMPILER_APPICON_NAME = AppIcon;
				ASSETCATALOG_COMPILER_GLOBAL_ACCENT_COLOR_NAME = AccentColor;
				CODE_SIGN_ENTITLEMENTS = SwiftCaterpie/SwiftCaterpie.entitlements;
				CODE_SIGN_STYLE = Automatic;
				COMBINE_HIDPI_IMAGES = YES;
				CURRENT_PROJECT_VERSION = 1;
				DEVELOPMENT_ASSET_PATHS = "\"SwiftCaterpie/Preview Content\"";
				DEVELOPMENT_TEAM = XLAGW5Z727;
				ENABLE_HARDENED_RUNTIME = YES;
				ENABLE_PREVIEWS = YES;
				GENERATE_INFOPLIST_FILE = YES;
				INFOPLIST_KEY_NSHumanReadableCopyright = "";
				LD_RUNPATH_SEARCH_PATHS = (
					"$(inherited)",
					"@executable_path/../Frameworks",
				);
				MARKETING_VERSION = 1.0;
				PRODUCT_BUNDLE_IDENTIFIER = com.dannydauck.SwiftCaterpie;
				PRODUCT_NAME = "$(TARGET_NAME)";
				SUPPORTED_PLATFORMS = macosx;
				SUPPORTS_MACCATALYST = NO;
				SWIFT_EMIT_LOC_STRINGS = YES;
				SWIFT_VERSION = 5.0;
			};
			name = Release;
		};
/* End XCBuildConfiguration section */

/* Begin XCConfigurationList section */
		D5EB29112B6174CC0085653F /* Build configuration list for PBXProject "SwiftCaterpie" */ = {
			isa = XCConfigurationList;
			buildConfigurations = (
				D5EB29232B6174CD0085653F /* Debug */,
				D5EB29242B6174CD0085653F /* Release */,
			);
			defaultConfigurationIsVisible = 0;
			defaultConfigurationName = Release;
		};
		D5EB29252B6174CD0085653F /* Build configuration list for PBXNativeTarget "SwiftCaterpie" */ = {
			isa = XCConfigurationList;
			buildConfigurations = (
				D5EB29262B6174CD0085653F /* Debug */,
				D5EB29272B6174CD0085653F /* Release */,
			);
			defaultConfigurationIsVisible = 0;
			defaultConfigurationName = Release;
		};
/* End XCConfigurationList section */
	};
	rootObject = D5EB290E2B6174CC0085653F /* Project object */;
}
